// !$*UTF8*$!
{
	archiveVersion = 1;
	classes = {
	};
	objectVersion = 56;
	objects = {

/* Begin PBXBuildFile section */
		E707E86E29BF38EE0041B960 /* AppDelegate.m in Sources */ = {isa = PBXBuildFile; fileRef = E707E86D29BF38EE0041B960 /* AppDelegate.m */; };
		E707E87129BF38EE0041B960 /* ViewController.m in Sources */ = {isa = PBXBuildFile; fileRef = E707E87029BF38EE0041B960 /* ViewController.m */; };
		E707E87329BF38EF0041B960 /* Assets.xcassets in Resources */ = {isa = PBXBuildFile; fileRef = E707E87229BF38EF0041B960 /* Assets.xcassets */; };
		E707E87629BF38EF0041B960 /* Main.storyboard in Resources */ = {isa = PBXBuildFile; fileRef = E707E87429BF38EF0041B960 /* Main.storyboard */; };
		E707E87829BF38EF0041B960 /* main.m in Sources */ = {isa = PBXBuildFile; fileRef = E707E87729BF38EF0041B960 /* main.m */; };
		E707E88329BF38EF0041B960 /* VBBrowserControllerTests.m in Sources */ = {isa = PBXBuildFile; fileRef = E707E88229BF38EF0041B960 /* VBBrowserControllerTests.m */; };
		E707E88D29BF38EF0041B960 /* VBBrowserControllerUITests.m in Sources */ = {isa = PBXBuildFile; fileRef = E707E88C29BF38EF0041B960 /* VBBrowserControllerUITests.m */; };
		E707E88F29BF38EF0041B960 /* VBBrowserControllerUITestsLaunchTests.m in Sources */ = {isa = PBXBuildFile; fileRef = E707E88E29BF38EF0041B960 /* VBBrowserControllerUITestsLaunchTests.m */; };
		E707E8A229BF45CA0041B960 /* VBBrowserController.m in Sources */ = {isa = PBXBuildFile; fileRef = E707E8A129BF45CA0041B960 /* VBBrowserController.m */; };
		E707E8A529BF46730041B960 /* VBBrowserViewController.m in Sources */ = {isa = PBXBuildFile; fileRef = E707E8A429BF46730041B960 /* VBBrowserViewController.m */; };
		E707E8AA29BF46BF0041B960 /* VBVerseStackViewController.m in Sources */ = {isa = PBXBuildFile; fileRef = E707E8A929BF46BF0041B960 /* VBVerseStackViewController.m */; };
		E707E8AD29BF46D70041B960 /* VBBrowserView.m in Sources */ = {isa = PBXBuildFile; fileRef = E707E8AC29BF46D70041B960 /* VBBrowserView.m */; };
		E707E8B029BF46F00041B960 /* VBScrollView.m in Sources */ = {isa = PBXBuildFile; fileRef = E707E8AF29BF46F00041B960 /* VBScrollView.m */; };
		E707E8B329BF46FB0041B960 /* VBVerseStackView.m in Sources */ = {isa = PBXBuildFile; fileRef = E707E8B229BF46FB0041B960 /* VBVerseStackView.m */; };
		E707E8B629BF47050041B960 /* VBTableView.m in Sources */ = {isa = PBXBuildFile; fileRef = E707E8B529BF47050041B960 /* VBTableView.m */; };
		E707E8BE29BF49BE0041B960 /* VBBrowserViewController.storyboard in Resources */ = {isa = PBXBuildFile; fileRef = E707E8BD29BF49BE0041B960 /* VBBrowserViewController.storyboard */; };
		E707E8C029BF4A3C0041B960 /* VBVerseStackViewController.storyboard in Resources */ = {isa = PBXBuildFile; fileRef = E707E8BF29BF4A3C0041B960 /* VBVerseStackViewController.storyboard */; };
		E707E8C229BF4F950041B960 /* VBBrowserController-Categories.m in Sources */ = {isa = PBXBuildFile; fileRef = E707E8C129BF4F950041B960 /* VBBrowserController-Categories.m */; };
		E707E8C629BF53070041B960 /* NSObject+LayoutConstraints.m in Sources */ = {isa = PBXBuildFile; fileRef = E707E8C529BF53070041B960 /* NSObject+LayoutConstraints.m */; };
		E707E8C829BF54580041B960 /* VBBrowserViewController-Categories.m in Sources */ = {isa = PBXBuildFile; fileRef = E707E8C729BF54580041B960 /* VBBrowserViewController-Categories.m */; };
		E707E8CA29BF56A70041B960 /* VBVerseStackViewController-Categories.m in Sources */ = {isa = PBXBuildFile; fileRef = E707E8C929BF56A70041B960 /* VBVerseStackViewController-Categories.m */; };
		E707E8D629BF5E010041B960 /* VBTableView-Categories.m in Sources */ = {isa = PBXBuildFile; fileRef = E707E8D529BF5E010041B960 /* VBTableView-Categories.m */; };
		E707E8D829BF6B510041B960 /* VBVerseReference.m in Sources */ = {isa = PBXBuildFile; fileRef = E707E8D729BF6B510041B960 /* VBVerseReference.m */; };
		E707E8DE29BF81FD0041B960 /* VBVerseViewController+addtions.m in Sources */ = {isa = PBXBuildFile; fileRef = E707E8DD29BF81FD0041B960 /* VBVerseViewController+addtions.m */; };
		E707E8E129BF8B3E0041B960 /* VBScrollView-Categories.m in Sources */ = {isa = PBXBuildFile; fileRef = E707E8E029BF8B3E0041B960 /* VBScrollView-Categories.m */; };
		E72167362A00AA1F00E63A12 /* CDSqlite3TableView.m in Sources */ = {isa = PBXBuildFile; fileRef = E72166F92A00AA1F00E63A12 /* CDSqlite3TableView.m */; };
		E72167372A00AA1F00E63A12 /* CDEditorForWhereas_connect.m in Sources */ = {isa = PBXBuildFile; fileRef = E72166FA2A00AA1F00E63A12 /* CDEditorForWhereas_connect.m */; };
		E72167382A00AA1F00E63A12 /* CDEditorForWhereas_connect.xib in Resources */ = {isa = PBXBuildFile; fileRef = E72166FB2A00AA1F00E63A12 /* CDEditorForWhereas_connect.xib */; };
		E72167392A00AA1F00E63A12 /* CDSelectRecords.m in Sources */ = {isa = PBXBuildFile; fileRef = E72166FD2A00AA1F00E63A12 /* CDSelectRecords.m */; };
		E721673A2A00AA1F00E63A12 /* CDDatabaseUndoAtomic.m in Sources */ = {isa = PBXBuildFile; fileRef = E72166FF2A00AA1F00E63A12 /* CDDatabaseUndoAtomic.m */; };
		E721673B2A00AA1F00E63A12 /* CDField.m in Sources */ = {isa = PBXBuildFile; fileRef = E72167002A00AA1F00E63A12 /* CDField.m */; };
		E721673C2A00AA1F00E63A12 /* CDSQLite3OperaterDelegate.m in Sources */ = {isa = PBXBuildFile; fileRef = E72167052A00AA1F00E63A12 /* CDSQLite3OperaterDelegate.m */; };
		E721673D2A00AA1F00E63A12 /* CDUndomanger.m in Sources */ = {isa = PBXBuildFile; fileRef = E72167072A00AA1F00E63A12 /* CDUndomanger.m */; };
		E721673E2A00AA1F00E63A12 /* CDRecord.m in Sources */ = {isa = PBXBuildFile; fileRef = E72167092A00AA1F00E63A12 /* CDRecord.m */; };
		E721673F2A00AA1F00E63A12 /* CDTextField.m in Sources */ = {isa = PBXBuildFile; fileRef = E721670A2A00AA1F00E63A12 /* CDTextField.m */; };
		E72167402A00AA1F00E63A12 /* VBVerseViewController.storyboard in Resources */ = {isa = PBXBuildFile; fileRef = E721670F2A00AA1F00E63A12 /* VBVerseViewController.storyboard */; };
		E72167412A00AA1F00E63A12 /* VBVerseViewController.m in Sources */ = {isa = PBXBuildFile; fileRef = E72167102A00AA1F00E63A12 /* VBVerseViewController.m */; };
		E72167432A00AA1F00E63A12 /* VBWordGroup.m in Sources */ = {isa = PBXBuildFile; fileRef = E72167152A00AA1F00E63A12 /* VBWordGroup.m */; };
		E72167442A00AA1F00E63A12 /* VBWordGroupController.m in Sources */ = {isa = PBXBuildFile; fileRef = E72167162A00AA1F00E63A12 /* VBWordGroupController.m */; };
		E72167452A00AA1F00E63A12 /* VBCommentCard.xib in Resources */ = {isa = PBXBuildFile; fileRef = E721671C2A00AA1F00E63A12 /* VBCommentCard.xib */; };
		E72167462A00AA1F00E63A12 /* VBCommentCard.m in Sources */ = {isa = PBXBuildFile; fileRef = E721671F2A00AA1F00E63A12 /* VBCommentCard.m */; };
		E72167472A00AA1F00E63A12 /* VBComment.m in Sources */ = {isa = PBXBuildFile; fileRef = E72167202A00AA1F00E63A12 /* VBComment.m */; };
		E72167482A00AA1F00E63A12 /* VBMaskedTextView.m in Sources */ = {isa = PBXBuildFile; fileRef = E72167212A00AA1F00E63A12 /* VBMaskedTextView.m */; };
		E72167492A00AA1F00E63A12 /* VBViewMask.m in Sources */ = {isa = PBXBuildFile; fileRef = E72167222A00AA1F00E63A12 /* VBViewMask.m */; };
		E721674A2A00AA1F00E63A12 /* VBSelectableCard.m in Sources */ = {isa = PBXBuildFile; fileRef = E72167272A00AA1F00E63A12 /* VBSelectableCard.m */; };
		E721674D2A00AA1F00E63A12 /* VBWordCard.m in Sources */ = {isa = PBXBuildFile; fileRef = E721672D2A00AA1F00E63A12 /* VBWordCard.m */; };
		E721674E2A00AA1F00E63A12 /* VBWord.m in Sources */ = {isa = PBXBuildFile; fileRef = E721672E2A00AA1F00E63A12 /* VBWord.m */; };
		E721674F2A00AA1F00E63A12 /* VBMultiSelectionBox.m in Sources */ = {isa = PBXBuildFile; fileRef = E721672F2A00AA1F00E63A12 /* VBMultiSelectionBox.m */; };
		E72167502A00AA1F00E63A12 /* VBWordBrowser.m in Sources */ = {isa = PBXBuildFile; fileRef = E72167322A00AA1F00E63A12 /* VBWordBrowser.m */; };
		E72167512A00AA1F00E63A12 /* VBWordBrowser+DatabaseOperates.m in Sources */ = {isa = PBXBuildFile; fileRef = E72167342A00AA1F00E63A12 /* VBWordBrowser+DatabaseOperates.m */; };
		E72167562A00DF6600E63A12 /* VBFreezingBar.m in Sources */ = {isa = PBXBuildFile; fileRef = E72167552A00DF6600E63A12 /* VBFreezingBar.m */; };
		E72167592A00E42900E63A12 /* VBFreezingCell.m in Sources */ = {isa = PBXBuildFile; fileRef = E72167582A00E42900E63A12 /* VBFreezingCell.m */; };
		E721675D2A00E47700E63A12 /* VBXIBView.m in Sources */ = {isa = PBXBuildFile; fileRef = E721675C2A00E47700E63A12 /* VBXIBView.m */; };
		E721675F2A00E54C00E63A12 /* VBFreezingCell.xib in Resources */ = {isa = PBXBuildFile; fileRef = E721675E2A00E54C00E63A12 /* VBFreezingCell.xib */; };
		E7A6ABAF29C036E00082166E /* NSArray+BeyondIntercept.m in Sources */ = {isa = PBXBuildFile; fileRef = E7A6ABAE29C036E00082166E /* NSArray+BeyondIntercept.m */; };
		E7F085BD2A02C73F0039BDB5 /* VBVerseLabelContainer.m in Sources */ = {isa = PBXBuildFile; fileRef = E7F085BC2A02C73F0039BDB5 /* VBVerseLabelContainer.m */; };
		E7F6D8182A039EB600EE3003 /* VBWordCard.xib in Resources */ = {isa = PBXBuildFile; fileRef = E7F6D8172A039EB600EE3003 /* VBWordCard.xib */; };
		E7F6D81B2A039F7B00EE3003 /* VBWordLabelView.m in Sources */ = {isa = PBXBuildFile; fileRef = E7F6D81A2A039F7B00EE3003 /* VBWordLabelView.m */; };
/* End PBXBuildFile section */

/* Begin PBXContainerItemProxy section */
		E707E87F29BF38EF0041B960 /* PBXContainerItemProxy */ = {
			isa = PBXContainerItemProxy;
			containerPortal = E707E86129BF38EE0041B960 /* Project object */;
			proxyType = 1;
			remoteGlobalIDString = E707E86829BF38EE0041B960;
			remoteInfo = VBBrowserController;
		};
		E707E88929BF38EF0041B960 /* PBXContainerItemProxy */ = {
			isa = PBXContainerItemProxy;
			containerPortal = E707E86129BF38EE0041B960 /* Project object */;
			proxyType = 1;
			remoteGlobalIDString = E707E86829BF38EE0041B960;
			remoteInfo = VBBrowserController;
		};
/* End PBXContainerItemProxy section */

/* Begin PBXFileReference section */
		E707E86929BF38EE0041B960 /* VBBrowserController.app */ = {isa = PBXFileReference; explicitFileType = wrapper.application; includeInIndex = 0; path = VBBrowserController.app; sourceTree = BUILT_PRODUCTS_DIR; };
		E707E86C29BF38EE0041B960 /* AppDelegate.h */ = {isa = PBXFileReference; lastKnownFileType = sourcecode.c.h; path = AppDelegate.h; sourceTree = "<group>"; };
		E707E86D29BF38EE0041B960 /* AppDelegate.m */ = {isa = PBXFileReference; lastKnownFileType = sourcecode.c.objc; path = AppDelegate.m; sourceTree = "<group>"; };
		E707E86F29BF38EE0041B960 /* ViewController.h */ = {isa = PBXFileReference; lastKnownFileType = sourcecode.c.h; path = ViewController.h; sourceTree = "<group>"; };
		E707E87029BF38EE0041B960 /* ViewController.m */ = {isa = PBXFileReference; lastKnownFileType = sourcecode.c.objc; path = ViewController.m; sourceTree = "<group>"; };
		E707E87229BF38EF0041B960 /* Assets.xcassets */ = {isa = PBXFileReference; lastKnownFileType = folder.assetcatalog; path = Assets.xcassets; sourceTree = "<group>"; };
		E707E87529BF38EF0041B960 /* Base */ = {isa = PBXFileReference; lastKnownFileType = file.storyboard; name = Base; path = Base.lproj/Main.storyboard; sourceTree = "<group>"; };
		E707E87729BF38EF0041B960 /* main.m */ = {isa = PBXFileReference; lastKnownFileType = sourcecode.c.objc; path = main.m; sourceTree = "<group>"; };
		E707E87929BF38EF0041B960 /* VBBrowserController.entitlements */ = {isa = PBXFileReference; lastKnownFileType = text.plist.entitlements; path = VBBrowserController.entitlements; sourceTree = "<group>"; };
		E707E87E29BF38EF0041B960 /* VBBrowserControllerTests.xctest */ = {isa = PBXFileReference; explicitFileType = wrapper.cfbundle; includeInIndex = 0; path = VBBrowserControllerTests.xctest; sourceTree = BUILT_PRODUCTS_DIR; };
		E707E88229BF38EF0041B960 /* VBBrowserControllerTests.m */ = {isa = PBXFileReference; lastKnownFileType = sourcecode.c.objc; path = VBBrowserControllerTests.m; sourceTree = "<group>"; };
		E707E88829BF38EF0041B960 /* VBBrowserControllerUITests.xctest */ = {isa = PBXFileReference; explicitFileType = wrapper.cfbundle; includeInIndex = 0; path = VBBrowserControllerUITests.xctest; sourceTree = BUILT_PRODUCTS_DIR; };
		E707E88C29BF38EF0041B960 /* VBBrowserControllerUITests.m */ = {isa = PBXFileReference; lastKnownFileType = sourcecode.c.objc; path = VBBrowserControllerUITests.m; sourceTree = "<group>"; };
		E707E88E29BF38EF0041B960 /* VBBrowserControllerUITestsLaunchTests.m */ = {isa = PBXFileReference; lastKnownFileType = sourcecode.c.objc; path = VBBrowserControllerUITestsLaunchTests.m; sourceTree = "<group>"; };
		E707E89E29BF45570041B960 /* VBBrowserController.h */ = {isa = PBXFileReference; lastKnownFileType = sourcecode.c.h; path = VBBrowserController.h; sourceTree = "<group>"; };
		E707E89F29BF45570041B960 /* VBVerseReference.h */ = {isa = PBXFileReference; lastKnownFileType = sourcecode.c.h; path = VBVerseReference.h; sourceTree = "<group>"; };
		E707E8A029BF45570041B960 /* VBVerseViewController.h */ = {isa = PBXFileReference; lastKnownFileType = sourcecode.c.h; path = VBVerseViewController.h; sourceTree = "<group>"; };
		E707E8A129BF45CA0041B960 /* VBBrowserController.m */ = {isa = PBXFileReference; lastKnownFileType = sourcecode.c.objc; path = VBBrowserController.m; sourceTree = "<group>"; };
		E707E8A329BF46730041B960 /* VBBrowserViewController.h */ = {isa = PBXFileReference; lastKnownFileType = sourcecode.c.h; path = VBBrowserViewController.h; sourceTree = "<group>"; };
		E707E8A429BF46730041B960 /* VBBrowserViewController.m */ = {isa = PBXFileReference; lastKnownFileType = sourcecode.c.objc; path = VBBrowserViewController.m; sourceTree = "<group>"; };
		E707E8A829BF46BF0041B960 /* VBVerseStackViewController.h */ = {isa = PBXFileReference; lastKnownFileType = sourcecode.c.h; path = VBVerseStackViewController.h; sourceTree = "<group>"; };
		E707E8A929BF46BF0041B960 /* VBVerseStackViewController.m */ = {isa = PBXFileReference; lastKnownFileType = sourcecode.c.objc; path = VBVerseStackViewController.m; sourceTree = "<group>"; };
		E707E8AB29BF46D70041B960 /* VBBrowserView.h */ = {isa = PBXFileReference; lastKnownFileType = sourcecode.c.h; path = VBBrowserView.h; sourceTree = "<group>"; };
		E707E8AC29BF46D70041B960 /* VBBrowserView.m */ = {isa = PBXFileReference; lastKnownFileType = sourcecode.c.objc; path = VBBrowserView.m; sourceTree = "<group>"; };
		E707E8AE29BF46F00041B960 /* VBScrollView.h */ = {isa = PBXFileReference; lastKnownFileType = sourcecode.c.h; path = VBScrollView.h; sourceTree = "<group>"; };
		E707E8AF29BF46F00041B960 /* VBScrollView.m */ = {isa = PBXFileReference; lastKnownFileType = sourcecode.c.objc; path = VBScrollView.m; sourceTree = "<group>"; };
		E707E8B129BF46FB0041B960 /* VBVerseStackView.h */ = {isa = PBXFileReference; lastKnownFileType = sourcecode.c.h; path = VBVerseStackView.h; sourceTree = "<group>"; };
		E707E8B229BF46FB0041B960 /* VBVerseStackView.m */ = {isa = PBXFileReference; lastKnownFileType = sourcecode.c.objc; path = VBVerseStackView.m; sourceTree = "<group>"; };
		E707E8B429BF47050041B960 /* VBTableView.h */ = {isa = PBXFileReference; lastKnownFileType = sourcecode.c.h; path = VBTableView.h; sourceTree = "<group>"; };
		E707E8B529BF47050041B960 /* VBTableView.m */ = {isa = PBXFileReference; lastKnownFileType = sourcecode.c.objc; path = VBTableView.m; sourceTree = "<group>"; };
		E707E8BD29BF49BE0041B960 /* VBBrowserViewController.storyboard */ = {isa = PBXFileReference; lastKnownFileType = file.storyboard; path = VBBrowserViewController.storyboard; sourceTree = "<group>"; };
		E707E8BF29BF4A3C0041B960 /* VBVerseStackViewController.storyboard */ = {isa = PBXFileReference; lastKnownFileType = file.storyboard; path = VBVerseStackViewController.storyboard; sourceTree = "<group>"; };
		E707E8C129BF4F950041B960 /* VBBrowserController-Categories.m */ = {isa = PBXFileReference; lastKnownFileType = sourcecode.c.objc; path = "VBBrowserController-Categories.m"; sourceTree = "<group>"; };
		E707E8C429BF53070041B960 /* NSObject+LayoutConstraints.h */ = {isa = PBXFileReference; lastKnownFileType = sourcecode.c.h; path = "NSObject+LayoutConstraints.h"; sourceTree = "<group>"; };
		E707E8C529BF53070041B960 /* NSObject+LayoutConstraints.m */ = {isa = PBXFileReference; lastKnownFileType = sourcecode.c.objc; path = "NSObject+LayoutConstraints.m"; sourceTree = "<group>"; };
		E707E8C729BF54580041B960 /* VBBrowserViewController-Categories.m */ = {isa = PBXFileReference; lastKnownFileType = sourcecode.c.objc; path = "VBBrowserViewController-Categories.m"; sourceTree = "<group>"; };
		E707E8C929BF56A70041B960 /* VBVerseStackViewController-Categories.m */ = {isa = PBXFileReference; lastKnownFileType = sourcecode.c.objc; path = "VBVerseStackViewController-Categories.m"; sourceTree = "<group>"; };
		E707E8D429BF5D4F0041B960 /* VBVerseViewProvider.h */ = {isa = PBXFileReference; lastKnownFileType = sourcecode.c.h; path = VBVerseViewProvider.h; sourceTree = "<group>"; };
		E707E8D529BF5E010041B960 /* VBTableView-Categories.m */ = {isa = PBXFileReference; lastKnownFileType = sourcecode.c.objc; path = "VBTableView-Categories.m"; sourceTree = "<group>"; };
		E707E8D729BF6B510041B960 /* VBVerseReference.m */ = {isa = PBXFileReference; lastKnownFileType = sourcecode.c.objc; path = VBVerseReference.m; sourceTree = "<group>"; };
		E707E8DC29BF81FD0041B960 /* VBVerseViewController+addtions.h */ = {isa = PBXFileReference; lastKnownFileType = sourcecode.c.h; path = "VBVerseViewController+addtions.h"; sourceTree = "<group>"; };
		E707E8DD29BF81FD0041B960 /* VBVerseViewController+addtions.m */ = {isa = PBXFileReference; lastKnownFileType = sourcecode.c.objc; path = "VBVerseViewController+addtions.m"; sourceTree = "<group>"; };
		E707E8DF29BF8A7A0041B960 /* VBBrowserVCDelegate.h */ = {isa = PBXFileReference; lastKnownFileType = sourcecode.c.h; path = VBBrowserVCDelegate.h; sourceTree = "<group>"; };
		E707E8E029BF8B3E0041B960 /* VBScrollView-Categories.m */ = {isa = PBXFileReference; lastKnownFileType = sourcecode.c.objc; path = "VBScrollView-Categories.m"; sourceTree = "<group>"; };
		E72166F92A00AA1F00E63A12 /* CDSqlite3TableView.m */ = {isa = PBXFileReference; fileEncoding = 4; lastKnownFileType = sourcecode.c.objc; path = CDSqlite3TableView.m; sourceTree = "<group>"; };
		E72166FA2A00AA1F00E63A12 /* CDEditorForWhereas_connect.m */ = {isa = PBXFileReference; fileEncoding = 4; lastKnownFileType = sourcecode.c.objc; path = CDEditorForWhereas_connect.m; sourceTree = "<group>"; };
		E72166FB2A00AA1F00E63A12 /* CDEditorForWhereas_connect.xib */ = {isa = PBXFileReference; fileEncoding = 4; lastKnownFileType = file.xib; path = CDEditorForWhereas_connect.xib; sourceTree = "<group>"; };
		E72166FC2A00AA1F00E63A12 /* CDUndomanger.h */ = {isa = PBXFileReference; fileEncoding = 4; lastKnownFileType = sourcecode.c.h; path = CDUndomanger.h; sourceTree = "<group>"; };
		E72166FD2A00AA1F00E63A12 /* CDSelectRecords.m */ = {isa = PBXFileReference; fileEncoding = 4; lastKnownFileType = sourcecode.c.objc; path = CDSelectRecords.m; sourceTree = "<group>"; };
		E72166FE2A00AA1F00E63A12 /* CDSQLite3OperaterDelegate.h */ = {isa = PBXFileReference; fileEncoding = 4; lastKnownFileType = sourcecode.c.h; path = CDSQLite3OperaterDelegate.h; sourceTree = "<group>"; };
		E72166FF2A00AA1F00E63A12 /* CDDatabaseUndoAtomic.m */ = {isa = PBXFileReference; fileEncoding = 4; lastKnownFileType = sourcecode.c.objc; path = CDDatabaseUndoAtomic.m; sourceTree = "<group>"; };
		E72167002A00AA1F00E63A12 /* CDField.m */ = {isa = PBXFileReference; fileEncoding = 4; lastKnownFileType = sourcecode.c.objc; path = CDField.m; sourceTree = "<group>"; };
		E72167012A00AA1F00E63A12 /* CDTextField.h */ = {isa = PBXFileReference; fileEncoding = 4; lastKnownFileType = sourcecode.c.h; path = CDTextField.h; sourceTree = "<group>"; };
		E72167022A00AA1F00E63A12 /* CDRecord.h */ = {isa = PBXFileReference; fileEncoding = 4; lastKnownFileType = sourcecode.c.h; path = CDRecord.h; sourceTree = "<group>"; };
		E72167032A00AA1F00E63A12 /* CDEditorForWhereas_connect.h */ = {isa = PBXFileReference; fileEncoding = 4; lastKnownFileType = sourcecode.c.h; path = CDEditorForWhereas_connect.h; sourceTree = "<group>"; };
		E72167042A00AA1F00E63A12 /* CDSqlite3TableView.h */ = {isa = PBXFileReference; fileEncoding = 4; lastKnownFileType = sourcecode.c.h; path = CDSqlite3TableView.h; sourceTree = "<group>"; };
		E72167052A00AA1F00E63A12 /* CDSQLite3OperaterDelegate.m */ = {isa = PBXFileReference; fileEncoding = 4; lastKnownFileType = sourcecode.c.objc; path = CDSQLite3OperaterDelegate.m; sourceTree = "<group>"; };
		E72167062A00AA1F00E63A12 /* CDSelectRecords.h */ = {isa = PBXFileReference; fileEncoding = 4; lastKnownFileType = sourcecode.c.h; path = CDSelectRecords.h; sourceTree = "<group>"; };
		E72167072A00AA1F00E63A12 /* CDUndomanger.m */ = {isa = PBXFileReference; fileEncoding = 4; lastKnownFileType = sourcecode.c.objc; path = CDUndomanger.m; sourceTree = "<group>"; };
		E72167082A00AA1F00E63A12 /* CDDatabaseUndoAtomic.h */ = {isa = PBXFileReference; fileEncoding = 4; lastKnownFileType = sourcecode.c.h; path = CDDatabaseUndoAtomic.h; sourceTree = "<group>"; };
		E72167092A00AA1F00E63A12 /* CDRecord.m */ = {isa = PBXFileReference; fileEncoding = 4; lastKnownFileType = sourcecode.c.objc; path = CDRecord.m; sourceTree = "<group>"; };
		E721670A2A00AA1F00E63A12 /* CDTextField.m */ = {isa = PBXFileReference; fileEncoding = 4; lastKnownFileType = sourcecode.c.objc; path = CDTextField.m; sourceTree = "<group>"; };
		E721670B2A00AA1F00E63A12 /* CDField.h */ = {isa = PBXFileReference; fileEncoding = 4; lastKnownFileType = sourcecode.c.h; path = CDField.h; sourceTree = "<group>"; };
		E721670F2A00AA1F00E63A12 /* VBVerseViewController.storyboard */ = {isa = PBXFileReference; fileEncoding = 4; lastKnownFileType = file.storyboard; path = VBVerseViewController.storyboard; sourceTree = "<group>"; };
		E72167102A00AA1F00E63A12 /* VBVerseViewController.m */ = {isa = PBXFileReference; fileEncoding = 4; lastKnownFileType = sourcecode.c.objc; path = VBVerseViewController.m; sourceTree = "<group>"; };
		E72167142A00AA1F00E63A12 /* VBWordGroupController.h */ = {isa = PBXFileReference; fileEncoding = 4; lastKnownFileType = sourcecode.c.h; path = VBWordGroupController.h; sourceTree = "<group>"; };
		E72167152A00AA1F00E63A12 /* VBWordGroup.m */ = {isa = PBXFileReference; fileEncoding = 4; lastKnownFileType = sourcecode.c.objc; path = VBWordGroup.m; sourceTree = "<group>"; };
		E72167162A00AA1F00E63A12 /* VBWordGroupController.m */ = {isa = PBXFileReference; fileEncoding = 4; lastKnownFileType = sourcecode.c.objc; path = VBWordGroupController.m; sourceTree = "<group>"; };
		E72167172A00AA1F00E63A12 /* VBWordGroup.h */ = {isa = PBXFileReference; fileEncoding = 4; lastKnownFileType = sourcecode.c.h; path = VBWordGroup.h; sourceTree = "<group>"; };
		E72167182A00AA1F00E63A12 /* VBWordBrowser+DatabaseOperates.h */ = {isa = PBXFileReference; fileEncoding = 4; lastKnownFileType = sourcecode.c.h; path = "VBWordBrowser+DatabaseOperates.h"; sourceTree = "<group>"; };
		E721671B2A00AA1F00E63A12 /* VBComment.h */ = {isa = PBXFileReference; fileEncoding = 4; lastKnownFileType = sourcecode.c.h; path = VBComment.h; sourceTree = "<group>"; };
		E721671C2A00AA1F00E63A12 /* VBCommentCard.xib */ = {isa = PBXFileReference; fileEncoding = 4; lastKnownFileType = file.xib; path = VBCommentCard.xib; sourceTree = "<group>"; };
		E721671D2A00AA1F00E63A12 /* VBMaskedTextView.h */ = {isa = PBXFileReference; fileEncoding = 4; lastKnownFileType = sourcecode.c.h; path = VBMaskedTextView.h; sourceTree = "<group>"; };
		E721671E2A00AA1F00E63A12 /* VBViewMask.h */ = {isa = PBXFileReference; fileEncoding = 4; lastKnownFileType = sourcecode.c.h; path = VBViewMask.h; sourceTree = "<group>"; };
		E721671F2A00AA1F00E63A12 /* VBCommentCard.m */ = {isa = PBXFileReference; fileEncoding = 4; lastKnownFileType = sourcecode.c.objc; path = VBCommentCard.m; sourceTree = "<group>"; };
		E72167202A00AA1F00E63A12 /* VBComment.m */ = {isa = PBXFileReference; fileEncoding = 4; lastKnownFileType = sourcecode.c.objc; path = VBComment.m; sourceTree = "<group>"; };
		E72167212A00AA1F00E63A12 /* VBMaskedTextView.m */ = {isa = PBXFileReference; fileEncoding = 4; lastKnownFileType = sourcecode.c.objc; path = VBMaskedTextView.m; sourceTree = "<group>"; };
		E72167222A00AA1F00E63A12 /* VBViewMask.m */ = {isa = PBXFileReference; fileEncoding = 4; lastKnownFileType = sourcecode.c.objc; path = VBViewMask.m; sourceTree = "<group>"; };
		E72167232A00AA1F00E63A12 /* VBCommentCard.h */ = {isa = PBXFileReference; fileEncoding = 4; lastKnownFileType = sourcecode.c.h; path = VBCommentCard.h; sourceTree = "<group>"; };
		E72167262A00AA1F00E63A12 /* VBSelectableCard.h */ = {isa = PBXFileReference; fileEncoding = 4; lastKnownFileType = sourcecode.c.h; path = VBSelectableCard.h; sourceTree = "<group>"; };
		E72167272A00AA1F00E63A12 /* VBSelectableCard.m */ = {isa = PBXFileReference; fileEncoding = 4; lastKnownFileType = sourcecode.c.objc; path = VBSelectableCard.m; sourceTree = "<group>"; };
		E721672A2A00AA1F00E63A12 /* VBWordCard.h */ = {isa = PBXFileReference; fileEncoding = 4; lastKnownFileType = sourcecode.c.h; path = VBWordCard.h; sourceTree = "<group>"; };
		E721672B2A00AA1F00E63A12 /* VBWord.h */ = {isa = PBXFileReference; fileEncoding = 4; lastKnownFileType = sourcecode.c.h; path = VBWord.h; sourceTree = "<group>"; };
		E721672D2A00AA1F00E63A12 /* VBWordCard.m */ = {isa = PBXFileReference; fileEncoding = 4; lastKnownFileType = sourcecode.c.objc; path = VBWordCard.m; sourceTree = "<group>"; };
		E721672E2A00AA1F00E63A12 /* VBWord.m */ = {isa = PBXFileReference; fileEncoding = 4; lastKnownFileType = sourcecode.c.objc; path = VBWord.m; sourceTree = "<group>"; };
		E721672F2A00AA1F00E63A12 /* VBMultiSelectionBox.m */ = {isa = PBXFileReference; fileEncoding = 4; lastKnownFileType = sourcecode.c.objc; path = VBMultiSelectionBox.m; sourceTree = "<group>"; };
		E72167302A00AA1F00E63A12 /* VBWordBrowser.h */ = {isa = PBXFileReference; fileEncoding = 4; lastKnownFileType = sourcecode.c.h; path = VBWordBrowser.h; sourceTree = "<group>"; };
		E72167312A00AA1F00E63A12 /* ANSI Keys.h */ = {isa = PBXFileReference; fileEncoding = 4; lastKnownFileType = sourcecode.c.h; path = "ANSI Keys.h"; sourceTree = "<group>"; };
		E72167322A00AA1F00E63A12 /* VBWordBrowser.m */ = {isa = PBXFileReference; fileEncoding = 4; lastKnownFileType = sourcecode.c.objc; path = VBWordBrowser.m; sourceTree = "<group>"; };
		E72167332A00AA1F00E63A12 /* VBMultiSelectionBox.h */ = {isa = PBXFileReference; fileEncoding = 4; lastKnownFileType = sourcecode.c.h; path = VBMultiSelectionBox.h; sourceTree = "<group>"; };
		E72167342A00AA1F00E63A12 /* VBWordBrowser+DatabaseOperates.m */ = {isa = PBXFileReference; fileEncoding = 4; lastKnownFileType = sourcecode.c.objc; path = "VBWordBrowser+DatabaseOperates.m"; sourceTree = "<group>"; };
		E72167532A00BCB400E63A12 /* VBVerseViewLayoutDelegate.h */ = {isa = PBXFileReference; lastKnownFileType = sourcecode.c.h; path = VBVerseViewLayoutDelegate.h; sourceTree = "<group>"; };
		E72167542A00DF6600E63A12 /* VBFreezingBar.h */ = {isa = PBXFileReference; lastKnownFileType = sourcecode.c.h; path = VBFreezingBar.h; sourceTree = "<group>"; };
		E72167552A00DF6600E63A12 /* VBFreezingBar.m */ = {isa = PBXFileReference; lastKnownFileType = sourcecode.c.objc; path = VBFreezingBar.m; sourceTree = "<group>"; };
		E72167572A00E42900E63A12 /* VBFreezingCell.h */ = {isa = PBXFileReference; lastKnownFileType = sourcecode.c.h; path = VBFreezingCell.h; sourceTree = "<group>"; };
		E72167582A00E42900E63A12 /* VBFreezingCell.m */ = {isa = PBXFileReference; lastKnownFileType = sourcecode.c.objc; path = VBFreezingCell.m; sourceTree = "<group>"; };
		E721675B2A00E47600E63A12 /* VBXIBView.h */ = {isa = PBXFileReference; lastKnownFileType = sourcecode.c.h; path = VBXIBView.h; sourceTree = "<group>"; };
		E721675C2A00E47700E63A12 /* VBXIBView.m */ = {isa = PBXFileReference; lastKnownFileType = sourcecode.c.objc; path = VBXIBView.m; sourceTree = "<group>"; };
		E721675E2A00E54C00E63A12 /* VBFreezingCell.xib */ = {isa = PBXFileReference; lastKnownFileType = file.xib; path = VBFreezingCell.xib; sourceTree = "<group>"; };
		E7A6ABAC29C004030082166E /* VBViewAppendable.h */ = {isa = PBXFileReference; lastKnownFileType = sourcecode.c.h; path = VBViewAppendable.h; sourceTree = "<group>"; };
		E7A6ABAD29C036E00082166E /* NSArray+BeyondIntercept.h */ = {isa = PBXFileReference; lastKnownFileType = sourcecode.c.h; path = "NSArray+BeyondIntercept.h"; sourceTree = "<group>"; };
		E7A6ABAE29C036E00082166E /* NSArray+BeyondIntercept.m */ = {isa = PBXFileReference; lastKnownFileType = sourcecode.c.objc; path = "NSArray+BeyondIntercept.m"; sourceTree = "<group>"; };
		E7E8606B2A1E380A000B9A56 /* VBFreezingBarDelegate.h */ = {isa = PBXFileReference; lastKnownFileType = sourcecode.c.h; path = VBFreezingBarDelegate.h; sourceTree = "<group>"; };
		E7F085AC2A0284AD0039BDB5 /* VBMaskedViewFirstResponderDelegate.h */ = {isa = PBXFileReference; lastKnownFileType = sourcecode.c.h; path = VBMaskedViewFirstResponderDelegate.h; sourceTree = "<group>"; };
		E7F085BB2A02C73F0039BDB5 /* VBVerseLabelContainer.h */ = {isa = PBXFileReference; lastKnownFileType = sourcecode.c.h; path = VBVerseLabelContainer.h; sourceTree = "<group>"; };
		E7F085BC2A02C73F0039BDB5 /* VBVerseLabelContainer.m */ = {isa = PBXFileReference; lastKnownFileType = sourcecode.c.objc; path = VBVerseLabelContainer.m; sourceTree = "<group>"; };
		E7F6D8172A039EB600EE3003 /* VBWordCard.xib */ = {isa = PBXFileReference; lastKnownFileType = file.xib; path = VBWordCard.xib; sourceTree = "<group>"; };
		E7F6D8192A039F7B00EE3003 /* VBWordLabelView.h */ = {isa = PBXFileReference; lastKnownFileType = sourcecode.c.h; path = VBWordLabelView.h; sourceTree = "<group>"; };
		E7F6D81A2A039F7B00EE3003 /* VBWordLabelView.m */ = {isa = PBXFileReference; lastKnownFileType = sourcecode.c.objc; path = VBWordLabelView.m; sourceTree = "<group>"; };
/* End PBXFileReference section */

/* Begin PBXFrameworksBuildPhase section */
		E707E86629BF38EE0041B960 /* Frameworks */ = {
			isa = PBXFrameworksBuildPhase;
			buildActionMask = 2147483647;
			files = (
			);
			runOnlyForDeploymentPostprocessing = 0;
		};
		E707E87B29BF38EF0041B960 /* Frameworks */ = {
			isa = PBXFrameworksBuildPhase;
			buildActionMask = 2147483647;
			files = (
			);
			runOnlyForDeploymentPostprocessing = 0;
		};
		E707E88529BF38EF0041B960 /* Frameworks */ = {
			isa = PBXFrameworksBuildPhase;
			buildActionMask = 2147483647;
			files = (
			);
			runOnlyForDeploymentPostprocessing = 0;
		};
/* End PBXFrameworksBuildPhase section */

/* Begin PBXGroup section */
		E707E86029BF38EE0041B960 = {
			isa = PBXGroup;
			children = (
				E707E86B29BF38EE0041B960 /* VBBrowserController */,
				E707E88129BF38EF0041B960 /* VBBrowserControllerTests */,
				E707E88B29BF38EF0041B960 /* VBBrowserControllerUITests */,
				E707E86A29BF38EE0041B960 /* Products */,
			);
			sourceTree = "<group>";
		};
		E707E86A29BF38EE0041B960 /* Products */ = {
			isa = PBXGroup;
			children = (
				E707E86929BF38EE0041B960 /* VBBrowserController.app */,
				E707E87E29BF38EF0041B960 /* VBBrowserControllerTests.xctest */,
				E707E88829BF38EF0041B960 /* VBBrowserControllerUITests.xctest */,
			);
			name = Products;
			sourceTree = "<group>";
		};
		E707E86B29BF38EE0041B960 /* VBBrowserController */ = {
			isa = PBXGroup;
			children = (
				E707E86C29BF38EE0041B960 /* AppDelegate.h */,
				E707E86D29BF38EE0041B960 /* AppDelegate.m */,
				E707E86F29BF38EE0041B960 /* ViewController.h */,
				E707E87029BF38EE0041B960 /* ViewController.m */,
				E707E89C29BF45350041B960 /* APIs */,
				E707E89B29BF39000041B960 /* VBVerseBrowser */,
				E707E87229BF38EF0041B960 /* Assets.xcassets */,
				E707E87429BF38EF0041B960 /* Main.storyboard */,
				E707E87729BF38EF0041B960 /* main.m */,
				E707E87929BF38EF0041B960 /* VBBrowserController.entitlements */,
			);
			path = VBBrowserController;
			sourceTree = "<group>";
		};
		E707E88129BF38EF0041B960 /* VBBrowserControllerTests */ = {
			isa = PBXGroup;
			children = (
				E707E88229BF38EF0041B960 /* VBBrowserControllerTests.m */,
			);
			path = VBBrowserControllerTests;
			sourceTree = "<group>";
		};
		E707E88B29BF38EF0041B960 /* VBBrowserControllerUITests */ = {
			isa = PBXGroup;
			children = (
				E707E88C29BF38EF0041B960 /* VBBrowserControllerUITests.m */,
				E707E88E29BF38EF0041B960 /* VBBrowserControllerUITestsLaunchTests.m */,
			);
			path = VBBrowserControllerUITests;
			sourceTree = "<group>";
		};
		E707E89B29BF39000041B960 /* VBVerseBrowser */ = {
			isa = PBXGroup;
			children = (
				E707E89D29BF453E0041B960 /* Sources */,
			);
			path = VBVerseBrowser;
			sourceTree = "<group>";
		};
		E707E89C29BF45350041B960 /* APIs */ = {
			isa = PBXGroup;
			children = (
				E707E89E29BF45570041B960 /* VBBrowserController.h */,
				E707E8A029BF45570041B960 /* VBVerseViewController.h */,
				E72167532A00BCB400E63A12 /* VBVerseViewLayoutDelegate.h */,
				E707E89F29BF45570041B960 /* VBVerseReference.h */,
				E707E8D729BF6B510041B960 /* VBVerseReference.m */,
			);
			path = APIs;
			sourceTree = "<group>";
		};
		E707E89D29BF453E0041B960 /* Sources */ = {
			isa = PBXGroup;
			children = (
				E707E8A129BF45CA0041B960 /* VBBrowserController.m */,
				E707E8C129BF4F950041B960 /* VBBrowserController-Categories.m */,
				E707E8C329BF52DF0041B960 /* Basics */,
				E707E8A629BF468F0041B960 /* BrowserVC */,
			);
			path = Sources;
			sourceTree = "<group>";
		};
		E707E8A629BF468F0041B960 /* BrowserVC */ = {
			isa = PBXGroup;
			children = (
				E707E8A329BF46730041B960 /* VBBrowserViewController.h */,
				E707E8A429BF46730041B960 /* VBBrowserViewController.m */,
				E707E8DF29BF8A7A0041B960 /* VBBrowserVCDelegate.h */,
				E707E8C729BF54580041B960 /* VBBrowserViewController-Categories.m */,
				E707E8BD29BF49BE0041B960 /* VBBrowserViewController.storyboard */,
				E707E8AB29BF46D70041B960 /* VBBrowserView.h */,
				E707E8AC29BF46D70041B960 /* VBBrowserView.m */,
				E7A6ABAC29C004030082166E /* VBViewAppendable.h */,
				E707E8AE29BF46F00041B960 /* VBScrollView.h */,
				E707E8AF29BF46F00041B960 /* VBScrollView.m */,
				E707E8E029BF8B3E0041B960 /* VBScrollView-Categories.m */,
				E707E8A729BF469C0041B960 /* VerseStackVC */,
			);
			path = BrowserVC;
			sourceTree = "<group>";
		};
		E707E8A729BF469C0041B960 /* VerseStackVC */ = {
			isa = PBXGroup;
			children = (
				E707E8A829BF46BF0041B960 /* VBVerseStackViewController.h */,
				E707E8A929BF46BF0041B960 /* VBVerseStackViewController.m */,
				E7E8606B2A1E380A000B9A56 /* VBFreezingBarDelegate.h */,
				E707E8BF29BF4A3C0041B960 /* VBVerseStackViewController.storyboard */,
				E707E8C929BF56A70041B960 /* VBVerseStackViewController-Categories.m */,
				E707E8D429BF5D4F0041B960 /* VBVerseViewProvider.h */,
				E707E8DC29BF81FD0041B960 /* VBVerseViewController+addtions.h */,
				E707E8DD29BF81FD0041B960 /* VBVerseViewController+addtions.m */,
				E707E8B129BF46FB0041B960 /* VBVerseStackView.h */,
				E707E8B229BF46FB0041B960 /* VBVerseStackView.m */,
				E707E8B429BF47050041B960 /* VBTableView.h */,
				E707E8B529BF47050041B960 /* VBTableView.m */,
				E707E8D529BF5E010041B960 /* VBTableView-Categories.m */,
				E721675A2A00E42D00E63A12 /* Freezing Bar */,
				E72166F72A00AA1F00E63A12 /* VerseView */,
			);
			path = VerseStackVC;
			sourceTree = "<group>";
		};
		E707E8C329BF52DF0041B960 /* Basics */ = {
			isa = PBXGroup;
			children = (
				E707E8C429BF53070041B960 /* NSObject+LayoutConstraints.h */,
				E707E8C529BF53070041B960 /* NSObject+LayoutConstraints.m */,
				E7A6ABAD29C036E00082166E /* NSArray+BeyondIntercept.h */,
				E7A6ABAE29C036E00082166E /* NSArray+BeyondIntercept.m */,
				E721675B2A00E47600E63A12 /* VBXIBView.h */,
				E721675C2A00E47700E63A12 /* VBXIBView.m */,
				E721671E2A00AA1F00E63A12 /* VBViewMask.h */,
				E72167222A00AA1F00E63A12 /* VBViewMask.m */,
				E7F085AC2A0284AD0039BDB5 /* VBMaskedViewFirstResponderDelegate.h */,
			);
			path = Basics;
			sourceTree = "<group>";
		};
		E72166F72A00AA1F00E63A12 /* VerseView */ = {
			isa = PBXGroup;
			children = (
				E72167102A00AA1F00E63A12 /* VBVerseViewController.m */,
				E721670F2A00AA1F00E63A12 /* VBVerseViewController.storyboard */,
				E72167122A00AA1F00E63A12 /* Views */,
				E72166F82A00AA1F00E63A12 /* Database */,
			);
			path = VerseView;
			sourceTree = "<group>";
		};
		E72166F82A00AA1F00E63A12 /* Database */ = {
			isa = PBXGroup;
			children = (
				E72167082A00AA1F00E63A12 /* CDDatabaseUndoAtomic.h */,
				E72166FF2A00AA1F00E63A12 /* CDDatabaseUndoAtomic.m */,
				E72167032A00AA1F00E63A12 /* CDEditorForWhereas_connect.h */,
				E72166FA2A00AA1F00E63A12 /* CDEditorForWhereas_connect.m */,
				E72166FB2A00AA1F00E63A12 /* CDEditorForWhereas_connect.xib */,
				E721670B2A00AA1F00E63A12 /* CDField.h */,
				E72167002A00AA1F00E63A12 /* CDField.m */,
				E72167022A00AA1F00E63A12 /* CDRecord.h */,
				E72167092A00AA1F00E63A12 /* CDRecord.m */,
				E72167062A00AA1F00E63A12 /* CDSelectRecords.h */,
				E72166FD2A00AA1F00E63A12 /* CDSelectRecords.m */,
				E72166FE2A00AA1F00E63A12 /* CDSQLite3OperaterDelegate.h */,
				E72167052A00AA1F00E63A12 /* CDSQLite3OperaterDelegate.m */,
				E72167042A00AA1F00E63A12 /* CDSqlite3TableView.h */,
				E72166F92A00AA1F00E63A12 /* CDSqlite3TableView.m */,
				E72167012A00AA1F00E63A12 /* CDTextField.h */,
				E721670A2A00AA1F00E63A12 /* CDTextField.m */,
				E72166FC2A00AA1F00E63A12 /* CDUndomanger.h */,
				E72167072A00AA1F00E63A12 /* CDUndomanger.m */,
			);
			path = Database;
			sourceTree = "<group>";
		};
		E72167122A00AA1F00E63A12 /* Views */ = {
			isa = PBXGroup;
			children = (
				E72167302A00AA1F00E63A12 /* VBWordBrowser.h */,
				E72167322A00AA1F00E63A12 /* VBWordBrowser.m */,
				E72167182A00AA1F00E63A12 /* VBWordBrowser+DatabaseOperates.h */,
				E72167342A00AA1F00E63A12 /* VBWordBrowser+DatabaseOperates.m */,
				E72167312A00AA1F00E63A12 /* ANSI Keys.h */,
				E72167332A00AA1F00E63A12 /* VBMultiSelectionBox.h */,
				E721672F2A00AA1F00E63A12 /* VBMultiSelectionBox.m */,
				E72167132A00AA1F00E63A12 /* WordGroup */,
				E72167192A00AA1F00E63A12 /* Cards */,
			);
			path = Views;
			sourceTree = "<group>";
		};
		E72167132A00AA1F00E63A12 /* WordGroup */ = {
			isa = PBXGroup;
			children = (
				E72167172A00AA1F00E63A12 /* VBWordGroup.h */,
				E72167152A00AA1F00E63A12 /* VBWordGroup.m */,
				E72167142A00AA1F00E63A12 /* VBWordGroupController.h */,
				E72167162A00AA1F00E63A12 /* VBWordGroupController.m */,
			);
			path = WordGroup;
			sourceTree = "<group>";
		};
		E72167192A00AA1F00E63A12 /* Cards */ = {
			isa = PBXGroup;
			children = (
				E72167242A00AA1F00E63A12 /* Foundation */,
				E72167292A00AA1F00E63A12 /* WordCard */,
				E721671A2A00AA1F00E63A12 /* Comment Card */,
			);
			path = Cards;
			sourceTree = "<group>";
		};
		E721671A2A00AA1F00E63A12 /* Comment Card */ = {
			isa = PBXGroup;
			children = (
				E72167232A00AA1F00E63A12 /* VBCommentCard.h */,
				E721671F2A00AA1F00E63A12 /* VBCommentCard.m */,
				E721671C2A00AA1F00E63A12 /* VBCommentCard.xib */,
				E721671B2A00AA1F00E63A12 /* VBComment.h */,
				E72167202A00AA1F00E63A12 /* VBComment.m */,
			);
			path = "Comment Card";
			sourceTree = "<group>";
		};
		E72167242A00AA1F00E63A12 /* Foundation */ = {
			isa = PBXGroup;
			children = (
				E72167262A00AA1F00E63A12 /* VBSelectableCard.h */,
				E72167272A00AA1F00E63A12 /* VBSelectableCard.m */,
				E721671D2A00AA1F00E63A12 /* VBMaskedTextView.h */,
				E72167212A00AA1F00E63A12 /* VBMaskedTextView.m */,
			);
			path = Foundation;
			sourceTree = "<group>";
		};
		E72167292A00AA1F00E63A12 /* WordCard */ = {
			isa = PBXGroup;
			children = (
				E721672A2A00AA1F00E63A12 /* VBWordCard.h */,
				E721672D2A00AA1F00E63A12 /* VBWordCard.m */,
				E7F6D8172A039EB600EE3003 /* VBWordCard.xib */,
				E7F6D8192A039F7B00EE3003 /* VBWordLabelView.h */,
				E7F6D81A2A039F7B00EE3003 /* VBWordLabelView.m */,
				E721672B2A00AA1F00E63A12 /* VBWord.h */,
				E721672E2A00AA1F00E63A12 /* VBWord.m */,
			);
			path = WordCard;
			sourceTree = "<group>";
		};
		E721675A2A00E42D00E63A12 /* Freezing Bar */ = {
			isa = PBXGroup;
			children = (
				E72167542A00DF6600E63A12 /* VBFreezingBar.h */,
				E72167552A00DF6600E63A12 /* VBFreezingBar.m */,
				E72167572A00E42900E63A12 /* VBFreezingCell.h */,
				E72167582A00E42900E63A12 /* VBFreezingCell.m */,
				E721675E2A00E54C00E63A12 /* VBFreezingCell.xib */,
				E7F085BB2A02C73F0039BDB5 /* VBVerseLabelContainer.h */,
				E7F085BC2A02C73F0039BDB5 /* VBVerseLabelContainer.m */,
			);
			path = "Freezing Bar";
			sourceTree = "<group>";
		};
/* End PBXGroup section */

/* Begin PBXNativeTarget section */
		E707E86829BF38EE0041B960 /* VBBrowserController */ = {
			isa = PBXNativeTarget;
			buildConfigurationList = E707E89229BF38EF0041B960 /* Build configuration list for PBXNativeTarget "VBBrowserController" */;
			buildPhases = (
				E707E86529BF38EE0041B960 /* Sources */,
				E707E86629BF38EE0041B960 /* Frameworks */,
				E707E86729BF38EE0041B960 /* Resources */,
			);
			buildRules = (
			);
			dependencies = (
			);
			name = VBBrowserController;
			productName = VBBrowserController;
			productReference = E707E86929BF38EE0041B960 /* VBBrowserController.app */;
			productType = "com.apple.product-type.application";
		};
		E707E87D29BF38EF0041B960 /* VBBrowserControllerTests */ = {
			isa = PBXNativeTarget;
			buildConfigurationList = E707E89529BF38EF0041B960 /* Build configuration list for PBXNativeTarget "VBBrowserControllerTests" */;
			buildPhases = (
				E707E87A29BF38EF0041B960 /* Sources */,
				E707E87B29BF38EF0041B960 /* Frameworks */,
				E707E87C29BF38EF0041B960 /* Resources */,
			);
			buildRules = (
			);
			dependencies = (
				E707E88029BF38EF0041B960 /* PBXTargetDependency */,
			);
			name = VBBrowserControllerTests;
			productName = VBBrowserControllerTests;
			productReference = E707E87E29BF38EF0041B960 /* VBBrowserControllerTests.xctest */;
			productType = "com.apple.product-type.bundle.unit-test";
		};
		E707E88729BF38EF0041B960 /* VBBrowserControllerUITests */ = {
			isa = PBXNativeTarget;
			buildConfigurationList = E707E89829BF38EF0041B960 /* Build configuration list for PBXNativeTarget "VBBrowserControllerUITests" */;
			buildPhases = (
				E707E88429BF38EF0041B960 /* Sources */,
				E707E88529BF38EF0041B960 /* Frameworks */,
				E707E88629BF38EF0041B960 /* Resources */,
			);
			buildRules = (
			);
			dependencies = (
				E707E88A29BF38EF0041B960 /* PBXTargetDependency */,
			);
			name = VBBrowserControllerUITests;
			productName = VBBrowserControllerUITests;
			productReference = E707E88829BF38EF0041B960 /* VBBrowserControllerUITests.xctest */;
			productType = "com.apple.product-type.bundle.ui-testing";
		};
/* End PBXNativeTarget section */

/* Begin PBXProject section */
		E707E86129BF38EE0041B960 /* Project object */ = {
			isa = PBXProject;
			attributes = {
				BuildIndependentTargetsInParallel = 1;
				LastUpgradeCheck = 1420;
				TargetAttributes = {
					E707E86829BF38EE0041B960 = {
						CreatedOnToolsVersion = 14.2;
					};
					E707E87D29BF38EF0041B960 = {
						CreatedOnToolsVersion = 14.2;
						TestTargetID = E707E86829BF38EE0041B960;
					};
					E707E88729BF38EF0041B960 = {
						CreatedOnToolsVersion = 14.2;
						TestTargetID = E707E86829BF38EE0041B960;
					};
				};
			};
			buildConfigurationList = E707E86429BF38EE0041B960 /* Build configuration list for PBXProject "VBBrowserController" */;
			compatibilityVersion = "Xcode 14.0";
			developmentRegion = en;
			hasScannedForEncodings = 0;
			knownRegions = (
				en,
				Base,
			);
			mainGroup = E707E86029BF38EE0041B960;
			productRefGroup = E707E86A29BF38EE0041B960 /* Products */;
			projectDirPath = "";
			projectRoot = "";
			targets = (
				E707E86829BF38EE0041B960 /* VBBrowserController */,
				E707E87D29BF38EF0041B960 /* VBBrowserControllerTests */,
				E707E88729BF38EF0041B960 /* VBBrowserControllerUITests */,
			);
		};
/* End PBXProject section */

/* Begin PBXResourcesBuildPhase section */
		E707E86729BF38EE0041B960 /* Resources */ = {
			isa = PBXResourcesBuildPhase;
			buildActionMask = 2147483647;
			files = (
				E707E8BE29BF49BE0041B960 /* VBBrowserViewController.storyboard in Resources */,
				E7F6D8182A039EB600EE3003 /* VBWordCard.xib in Resources */,
				E721675F2A00E54C00E63A12 /* VBFreezingCell.xib in Resources */,
				E72167402A00AA1F00E63A12 /* VBVerseViewController.storyboard in Resources */,
				E707E87329BF38EF0041B960 /* Assets.xcassets in Resources */,
				E707E8C029BF4A3C0041B960 /* VBVerseStackViewController.storyboard in Resources */,
				E72167382A00AA1F00E63A12 /* CDEditorForWhereas_connect.xib in Resources */,
				E707E87629BF38EF0041B960 /* Main.storyboard in Resources */,
				E72167452A00AA1F00E63A12 /* VBCommentCard.xib in Resources */,
			);
			runOnlyForDeploymentPostprocessing = 0;
		};
		E707E87C29BF38EF0041B960 /* Resources */ = {
			isa = PBXResourcesBuildPhase;
			buildActionMask = 2147483647;
			files = (
			);
			runOnlyForDeploymentPostprocessing = 0;
		};
		E707E88629BF38EF0041B960 /* Resources */ = {
			isa = PBXResourcesBuildPhase;
			buildActionMask = 2147483647;
			files = (
			);
			runOnlyForDeploymentPostprocessing = 0;
		};
/* End PBXResourcesBuildPhase section */

/* Begin PBXSourcesBuildPhase section */
		E707E86529BF38EE0041B960 /* Sources */ = {
			isa = PBXSourcesBuildPhase;
			buildActionMask = 2147483647;
			files = (
				E707E8C229BF4F950041B960 /* VBBrowserController-Categories.m in Sources */,
				E707E8B329BF46FB0041B960 /* VBVerseStackView.m in Sources */,
				E72167462A00AA1F00E63A12 /* VBCommentCard.m in Sources */,
				E707E8D629BF5E010041B960 /* VBTableView-Categories.m in Sources */,
				E721673B2A00AA1F00E63A12 /* CDField.m in Sources */,
				E707E8A229BF45CA0041B960 /* VBBrowserController.m in Sources */,
				E72167562A00DF6600E63A12 /* VBFreezingBar.m in Sources */,
				E72167372A00AA1F00E63A12 /* CDEditorForWhereas_connect.m in Sources */,
				E707E87129BF38EE0041B960 /* ViewController.m in Sources */,
				E72167592A00E42900E63A12 /* VBFreezingCell.m in Sources */,
				E721673A2A00AA1F00E63A12 /* CDDatabaseUndoAtomic.m in Sources */,
				E707E8DE29BF81FD0041B960 /* VBVerseViewController+addtions.m in Sources */,
				E72167512A00AA1F00E63A12 /* VBWordBrowser+DatabaseOperates.m in Sources */,
				E707E8D829BF6B510041B960 /* VBVerseReference.m in Sources */,
				E707E8B629BF47050041B960 /* VBTableView.m in Sources */,
				E72167472A00AA1F00E63A12 /* VBComment.m in Sources */,
				E721673F2A00AA1F00E63A12 /* CDTextField.m in Sources */,
				E707E87829BF38EF0041B960 /* main.m in Sources */,
				E707E8B029BF46F00041B960 /* VBScrollView.m in Sources */,
				E707E8AA29BF46BF0041B960 /* VBVerseStackViewController.m in Sources */,
				E721674E2A00AA1F00E63A12 /* VBWord.m in Sources */,
				E72167432A00AA1F00E63A12 /* VBWordGroup.m in Sources */,
				E72167492A00AA1F00E63A12 /* VBViewMask.m in Sources */,
				E721673E2A00AA1F00E63A12 /* CDRecord.m in Sources */,
				E707E8C629BF53070041B960 /* NSObject+LayoutConstraints.m in Sources */,
				E7F6D81B2A039F7B00EE3003 /* VBWordLabelView.m in Sources */,
				E707E8AD29BF46D70041B960 /* VBBrowserView.m in Sources */,
				E7F085BD2A02C73F0039BDB5 /* VBVerseLabelContainer.m in Sources */,
				E72167412A00AA1F00E63A12 /* VBVerseViewController.m in Sources */,
				E7A6ABAF29C036E00082166E /* NSArray+BeyondIntercept.m in Sources */,
				E721674F2A00AA1F00E63A12 /* VBMultiSelectionBox.m in Sources */,
				E72167482A00AA1F00E63A12 /* VBMaskedTextView.m in Sources */,
				E707E86E29BF38EE0041B960 /* AppDelegate.m in Sources */,
				E72167502A00AA1F00E63A12 /* VBWordBrowser.m in Sources */,
				E707E8E129BF8B3E0041B960 /* VBScrollView-Categories.m in Sources */,
				E721674A2A00AA1F00E63A12 /* VBSelectableCard.m in Sources */,
				E721673D2A00AA1F00E63A12 /* CDUndomanger.m in Sources */,
				E72167442A00AA1F00E63A12 /* VBWordGroupController.m in Sources */,
				E721675D2A00E47700E63A12 /* VBXIBView.m in Sources */,
				E721673C2A00AA1F00E63A12 /* CDSQLite3OperaterDelegate.m in Sources */,
				E72167362A00AA1F00E63A12 /* CDSqlite3TableView.m in Sources */,
				E721674D2A00AA1F00E63A12 /* VBWordCard.m in Sources */,
				E707E8A529BF46730041B960 /* VBBrowserViewController.m in Sources */,
				E72167392A00AA1F00E63A12 /* CDSelectRecords.m in Sources */,
				E707E8CA29BF56A70041B960 /* VBVerseStackViewController-Categories.m in Sources */,
				E707E8C829BF54580041B960 /* VBBrowserViewController-Categories.m in Sources */,
			);
			runOnlyForDeploymentPostprocessing = 0;
		};
		E707E87A29BF38EF0041B960 /* Sources */ = {
			isa = PBXSourcesBuildPhase;
			buildActionMask = 2147483647;
			files = (
				E707E88329BF38EF0041B960 /* VBBrowserControllerTests.m in Sources */,
			);
			runOnlyForDeploymentPostprocessing = 0;
		};
		E707E88429BF38EF0041B960 /* Sources */ = {
			isa = PBXSourcesBuildPhase;
			buildActionMask = 2147483647;
			files = (
				E707E88D29BF38EF0041B960 /* VBBrowserControllerUITests.m in Sources */,
				E707E88F29BF38EF0041B960 /* VBBrowserControllerUITestsLaunchTests.m in Sources */,
			);
			runOnlyForDeploymentPostprocessing = 0;
		};
/* End PBXSourcesBuildPhase section */

/* Begin PBXTargetDependency section */
		E707E88029BF38EF0041B960 /* PBXTargetDependency */ = {
			isa = PBXTargetDependency;
			target = E707E86829BF38EE0041B960 /* VBBrowserController */;
			targetProxy = E707E87F29BF38EF0041B960 /* PBXContainerItemProxy */;
		};
		E707E88A29BF38EF0041B960 /* PBXTargetDependency */ = {
			isa = PBXTargetDependency;
			target = E707E86829BF38EE0041B960 /* VBBrowserController */;
			targetProxy = E707E88929BF38EF0041B960 /* PBXContainerItemProxy */;
		};
/* End PBXTargetDependency section */

/* Begin PBXVariantGroup section */
		E707E87429BF38EF0041B960 /* Main.storyboard */ = {
			isa = PBXVariantGroup;
			children = (
				E707E87529BF38EF0041B960 /* Base */,
			);
			name = Main.storyboard;
			sourceTree = "<group>";
		};
/* End PBXVariantGroup section */

/* Begin XCBuildConfiguration section */
		E707E89029BF38EF0041B960 /* Debug */ = {
			isa = XCBuildConfiguration;
			buildSettings = {
				ALWAYS_SEARCH_USER_PATHS = NO;
				CLANG_ANALYZER_NONNULL = YES;
				CLANG_ANALYZER_NUMBER_OBJECT_CONVERSION = YES_AGGRESSIVE;
				CLANG_CXX_LANGUAGE_STANDARD = "gnu++20";
				CLANG_ENABLE_MODULES = YES;
				CLANG_ENABLE_OBJC_ARC = YES;
				CLANG_ENABLE_OBJC_WEAK = YES;
				CLANG_WARN_BLOCK_CAPTURE_AUTORELEASING = YES;
				CLANG_WARN_BOOL_CONVERSION = YES;
				CLANG_WARN_COMMA = YES;
				CLANG_WARN_CONSTANT_CONVERSION = YES;
				CLANG_WARN_DEPRECATED_OBJC_IMPLEMENTATIONS = YES;
				CLANG_WARN_DIRECT_OBJC_ISA_USAGE = YES_ERROR;
				CLANG_WARN_DOCUMENTATION_COMMENTS = YES;
				CLANG_WARN_EMPTY_BODY = YES;
				CLANG_WARN_ENUM_CONVERSION = YES;
				CLANG_WARN_INFINITE_RECURSION = YES;
				CLANG_WARN_INT_CONVERSION = YES;
				CLANG_WARN_NON_LITERAL_NULL_CONVERSION = YES;
				CLANG_WARN_OBJC_IMPLICIT_RETAIN_SELF = YES;
				CLANG_WARN_OBJC_LITERAL_CONVERSION = YES;
				CLANG_WARN_OBJC_ROOT_CLASS = YES_ERROR;
				CLANG_WARN_QUOTED_INCLUDE_IN_FRAMEWORK_HEADER = YES;
				CLANG_WARN_RANGE_LOOP_ANALYSIS = YES;
				CLANG_WARN_STRICT_PROTOTYPES = YES;
				CLANG_WARN_SUSPICIOUS_MOVE = YES;
				CLANG_WARN_UNGUARDED_AVAILABILITY = YES_AGGRESSIVE;
				CLANG_WARN_UNREACHABLE_CODE = YES;
				CLANG_WARN__DUPLICATE_METHOD_MATCH = YES;
				COPY_PHASE_STRIP = NO;
				DEBUG_INFORMATION_FORMAT = dwarf;
				ENABLE_STRICT_OBJC_MSGSEND = YES;
				ENABLE_TESTABILITY = YES;
				GCC_C_LANGUAGE_STANDARD = gnu11;
				GCC_DYNAMIC_NO_PIC = NO;
				GCC_NO_COMMON_BLOCKS = YES;
				GCC_OPTIMIZATION_LEVEL = 0;
				GCC_PREPROCESSOR_DEFINITIONS = (
					"DEBUG=1",
					"$(inherited)",
				);
				GCC_WARN_64_TO_32_BIT_CONVERSION = YES;
				GCC_WARN_ABOUT_RETURN_TYPE = YES_ERROR;
				GCC_WARN_UNDECLARED_SELECTOR = YES;
				GCC_WARN_UNINITIALIZED_AUTOS = YES_AGGRESSIVE;
				GCC_WARN_UNUSED_FUNCTION = YES;
				GCC_WARN_UNUSED_VARIABLE = YES;
				MACOSX_DEPLOYMENT_TARGET = 13.1;
				MTL_ENABLE_DEBUG_INFO = INCLUDE_SOURCE;
				MTL_FAST_MATH = YES;
				ONLY_ACTIVE_ARCH = YES;
				SDKROOT = macosx;
			};
			name = Debug;
		};
		E707E89129BF38EF0041B960 /* Release */ = {
			isa = XCBuildConfiguration;
			buildSettings = {
				ALWAYS_SEARCH_USER_PATHS = NO;
				CLANG_ANALYZER_NONNULL = YES;
				CLANG_ANALYZER_NUMBER_OBJECT_CONVERSION = YES_AGGRESSIVE;
				CLANG_CXX_LANGUAGE_STANDARD = "gnu++20";
				CLANG_ENABLE_MODULES = YES;
				CLANG_ENABLE_OBJC_ARC = YES;
				CLANG_ENABLE_OBJC_WEAK = YES;
				CLANG_WARN_BLOCK_CAPTURE_AUTORELEASING = YES;
				CLANG_WARN_BOOL_CONVERSION = YES;
				CLANG_WARN_COMMA = YES;
				CLANG_WARN_CONSTANT_CONVERSION = YES;
				CLANG_WARN_DEPRECATED_OBJC_IMPLEMENTATIONS = YES;
				CLANG_WARN_DIRECT_OBJC_ISA_USAGE = YES_ERROR;
				CLANG_WARN_DOCUMENTATION_COMMENTS = YES;
				CLANG_WARN_EMPTY_BODY = YES;
				CLANG_WARN_ENUM_CONVERSION = YES;
				CLANG_WARN_INFINITE_RECURSION = YES;
				CLANG_WARN_INT_CONVERSION = YES;
				CLANG_WARN_NON_LITERAL_NULL_CONVERSION = YES;
				CLANG_WARN_OBJC_IMPLICIT_RETAIN_SELF = YES;
				CLANG_WARN_OBJC_LITERAL_CONVERSION = YES;
				CLANG_WARN_OBJC_ROOT_CLASS = YES_ERROR;
				CLANG_WARN_QUOTED_INCLUDE_IN_FRAMEWORK_HEADER = YES;
				CLANG_WARN_RANGE_LOOP_ANALYSIS = YES;
				CLANG_WARN_STRICT_PROTOTYPES = YES;
				CLANG_WARN_SUSPICIOUS_MOVE = YES;
				CLANG_WARN_UNGUARDED_AVAILABILITY = YES_AGGRESSIVE;
				CLANG_WARN_UNREACHABLE_CODE = YES;
				CLANG_WARN__DUPLICATE_METHOD_MATCH = YES;
				COPY_PHASE_STRIP = NO;
				DEBUG_INFORMATION_FORMAT = "dwarf-with-dsym";
				ENABLE_NS_ASSERTIONS = NO;
				ENABLE_STRICT_OBJC_MSGSEND = YES;
				GCC_C_LANGUAGE_STANDARD = gnu11;
				GCC_NO_COMMON_BLOCKS = YES;
				GCC_WARN_64_TO_32_BIT_CONVERSION = YES;
				GCC_WARN_ABOUT_RETURN_TYPE = YES_ERROR;
				GCC_WARN_UNDECLARED_SELECTOR = YES;
				GCC_WARN_UNINITIALIZED_AUTOS = YES_AGGRESSIVE;
				GCC_WARN_UNUSED_FUNCTION = YES;
				GCC_WARN_UNUSED_VARIABLE = YES;
				MACOSX_DEPLOYMENT_TARGET = 13.1;
				MTL_ENABLE_DEBUG_INFO = NO;
				MTL_FAST_MATH = YES;
				SDKROOT = macosx;
			};
			name = Release;
		};
		E707E89329BF38EF0041B960 /* Debug */ = {
			isa = XCBuildConfiguration;
			buildSettings = {
				ASSETCATALOG_COMPILER_APPICON_NAME = AppIcon;
				ASSETCATALOG_COMPILER_GLOBAL_ACCENT_COLOR_NAME = AccentColor;
				CODE_SIGN_ENTITLEMENTS = VBBrowserController/VBBrowserController.entitlements;
				CODE_SIGN_STYLE = Automatic;
				COMBINE_HIDPI_IMAGES = YES;
				CURRENT_PROJECT_VERSION = 1;
				DEVELOPMENT_TEAM = 8UMXMZCT55;
				ENABLE_HARDENED_RUNTIME = YES;
				GENERATE_INFOPLIST_FILE = YES;
				INFOPLIST_KEY_NSHumanReadableCopyright = "";
				INFOPLIST_KEY_NSMainStoryboardFile = Main;
				INFOPLIST_KEY_NSPrincipalClass = NSApplication;
				LD_RUNPATH_SEARCH_PATHS = (
					"$(inherited)",
					"@executable_path/../Frameworks",
				);
				MARKETING_VERSION = 1.0;
				PRODUCT_BUNDLE_IDENTIFIER = com.SJStudOrg.CLWang.VBBrowserController;
				PRODUCT_NAME = "$(TARGET_NAME)";
				SWIFT_EMIT_LOC_STRINGS = YES;
			};
			name = Debug;
		};
		E707E89429BF38EF0041B960 /* Release */ = {
			isa = XCBuildConfiguration;
			buildSettings = {
				ASSETCATALOG_COMPILER_APPICON_NAME = AppIcon;
				ASSETCATALOG_COMPILER_GLOBAL_ACCENT_COLOR_NAME = AccentColor;
				CODE_SIGN_ENTITLEMENTS = VBBrowserController/VBBrowserController.entitlements;
				CODE_SIGN_STYLE = Automatic;
				COMBINE_HIDPI_IMAGES = YES;
				CURRENT_PROJECT_VERSION = 1;
				DEVELOPMENT_TEAM = 8UMXMZCT55;
				ENABLE_HARDENED_RUNTIME = YES;
				GENERATE_INFOPLIST_FILE = YES;
				INFOPLIST_KEY_NSHumanReadableCopyright = "";
				INFOPLIST_KEY_NSMainStoryboardFile = Main;
				INFOPLIST_KEY_NSPrincipalClass = NSApplication;
				LD_RUNPATH_SEARCH_PATHS = (
					"$(inherited)",
					"@executable_path/../Frameworks",
				);
				MARKETING_VERSION = 1.0;
				PRODUCT_BUNDLE_IDENTIFIER = com.SJStudOrg.CLWang.VBBrowserController;
				PRODUCT_NAME = "$(TARGET_NAME)";
				SWIFT_EMIT_LOC_STRINGS = YES;
			};
			name = Release;
		};
		E707E89629BF38EF0041B960 /* Debug */ = {
			isa = XCBuildConfiguration;
			buildSettings = {
				BUNDLE_LOADER = "$(TEST_HOST)";
				CODE_SIGN_STYLE = Automatic;
				CURRENT_PROJECT_VERSION = 1;
				DEVELOPMENT_TEAM = 8UMXMZCT55;
				GENERATE_INFOPLIST_FILE = YES;
				MACOSX_DEPLOYMENT_TARGET = 13.1;
				MARKETING_VERSION = 1.0;
				PRODUCT_BUNDLE_IDENTIFIER = com.SJStudOrg.CLWang.VBBrowserControllerTests;
				PRODUCT_NAME = "$(TARGET_NAME)";
				SWIFT_EMIT_LOC_STRINGS = NO;
				TEST_HOST = "$(BUILT_PRODUCTS_DIR)/VBBrowserController.app/$(BUNDLE_EXECUTABLE_FOLDER_PATH)/VBBrowserController";
			};
			name = Debug;
		};
		E707E89729BF38EF0041B960 /* Release */ = {
			isa = XCBuildConfiguration;
			buildSettings = {
				BUNDLE_LOADER = "$(TEST_HOST)";
				CODE_SIGN_STYLE = Automatic;
				CURRENT_PROJECT_VERSION = 1;
				DEVELOPMENT_TEAM = 8UMXMZCT55;
				GENERATE_INFOPLIST_FILE = YES;
				MACOSX_DEPLOYMENT_TARGET = 13.1;
				MARKETING_VERSION = 1.0;
				PRODUCT_BUNDLE_IDENTIFIER = com.SJStudOrg.CLWang.VBBrowserControllerTests;
				PRODUCT_NAME = "$(TARGET_NAME)";
				SWIFT_EMIT_LOC_STRINGS = NO;
				TEST_HOST = "$(BUILT_PRODUCTS_DIR)/VBBrowserController.app/$(BUNDLE_EXECUTABLE_FOLDER_PATH)/VBBrowserController";
			};
			name = Release;
		};
		E707E89929BF38EF0041B960 /* Debug */ = {
			isa = XCBuildConfiguration;
			buildSettings = {
				CODE_SIGN_STYLE = Automatic;
				CURRENT_PROJECT_VERSION = 1;
				DEVELOPMENT_TEAM = 8UMXMZCT55;
				GENERATE_INFOPLIST_FILE = YES;
				MARKETING_VERSION = 1.0;
				PRODUCT_BUNDLE_IDENTIFIER = com.SJStudOrg.CLWang.VBBrowserControllerUITests;
				PRODUCT_NAME = "$(TARGET_NAME)";
				SWIFT_EMIT_LOC_STRINGS = NO;
				TEST_TARGET_NAME = VBBrowserController;
			};
			name = Debug;
		};
		E707E89A29BF38EF0041B960 /* Release */ = {
			isa = XCBuildConfiguration;
			buildSettings = {
				CODE_SIGN_STYLE = Automatic;
				CURRENT_PROJECT_VERSION = 1;
				DEVELOPMENT_TEAM = 8UMXMZCT55;
				GENERATE_INFOPLIST_FILE = YES;
				MARKETING_VERSION = 1.0;
				PRODUCT_BUNDLE_IDENTIFIER = com.SJStudOrg.CLWang.VBBrowserControllerUITests;
				PRODUCT_NAME = "$(TARGET_NAME)";
				SWIFT_EMIT_LOC_STRINGS = NO;
				TEST_TARGET_NAME = VBBrowserController;
			};
			name = Release;
		};
/* End XCBuildConfiguration section */

/* Begin XCConfigurationList section */
		E707E86429BF38EE0041B960 /* Build configuration list for PBXProject "VBBrowserController" */ = {
			isa = XCConfigurationList;
			buildConfigurations = (
				E707E89029BF38EF0041B960 /* Debug */,
				E707E89129BF38EF0041B960 /* Release */,
			);
			defaultConfigurationIsVisible = 0;
			defaultConfigurationName = Release;
		};
		E707E89229BF38EF0041B960 /* Build configuration list for PBXNativeTarget "VBBrowserController" */ = {
			isa = XCConfigurationList;
			buildConfigurations = (
				E707E89329BF38EF0041B960 /* Debug */,
				E707E89429BF38EF0041B960 /* Release */,
			);
			defaultConfigurationIsVisible = 0;
			defaultConfigurationName = Release;
		};
		E707E89529BF38EF0041B960 /* Build configuration list for PBXNativeTarget "VBBrowserControllerTests" */ = {
			isa = XCConfigurationList;
			buildConfigurations = (
				E707E89629BF38EF0041B960 /* Debug */,
				E707E89729BF38EF0041B960 /* Release */,
			);
			defaultConfigurationIsVisible = 0;
			defaultConfigurationName = Release;
		};
		E707E89829BF38EF0041B960 /* Build configuration list for PBXNativeTarget "VBBrowserControllerUITests" */ = {
			isa = XCConfigurationList;
			buildConfigurations = (
				E707E89929BF38EF0041B960 /* Debug */,
				E707E89A29BF38EF0041B960 /* Release */,
			);
			defaultConfigurationIsVisible = 0;
			defaultConfigurationName = Release;
		};
/* End XCConfigurationList section */
	};
	rootObject = E707E86129BF38EE0041B960 /* Project object */;
}
